// !$*UTF8*$!
{
	archiveVersion = 1;
	classes = {
	};
	objectVersion = 56;
	objects = {

/* Begin PBXBuildFile section */
		028EF8C52F32EA930040152D /* GratefulMomentsApp.swift in Sources */ = {isa = PBXBuildFile; fileRef = 028EF8C42F32EA930040152D /* GratefulMomentsApp.swift */; };
		028EF8C72F32EA930040152D /* ContentView.swift in Sources */ = {isa = PBXBuildFile; fileRef = 028EF8C62F32EA930040152D /* ContentView.swift */; };
		028EF8C92F32EA950040152D /* Assets.xcassets in Resources */ = {isa = PBXBuildFile; fileRef = 028EF8C82F32EA950040152D /* Assets.xcassets */; };
		028EF8CC2F32EA950040152D /* Preview Assets.xcassets in Resources */ = {isa = PBXBuildFile; fileRef = 028EF8CB2F32EA950040152D /* Preview Assets.xcassets */; };
		028EF8D92F32EBF80040152D /* MomentEntryView.swift in Sources */ = {isa = PBXBuildFile; fileRef = 028EF8D82F32EBF80040152D /* MomentEntryView.swift */; };
		029390102F3428DD002E98F7 /* Moment.swift in Sources */ = {isa = PBXBuildFile; fileRef = 0293900F2F3428DD002E98F7 /* Moment.swift */; };
		029390122F342ED5002E98F7 /* DataContainer.swift in Sources */ = {isa = PBXBuildFile; fileRef = 029390112F342ED5002E98F7 /* DataContainer.swift */; };
/* End PBXBuildFile section */

/* Begin PBXFileReference section */
		028EF8C12F32EA930040152D /* GratefulMoments.app */ = {isa = PBXFileReference; explicitFileType = wrapper.application; includeInIndex = 0; path = GratefulMoments.app; sourceTree = BUILT_PRODUCTS_DIR; };
		028EF8C42F32EA930040152D /* GratefulMomentsApp.swift */ = {isa = PBXFileReference; lastKnownFileType = sourcecode.swift; path = GratefulMomentsApp.swift; sourceTree = "<group>"; };
		028EF8C62F32EA930040152D /* ContentView.swift */ = {isa = PBXFileReference; lastKnownFileType = sourcecode.swift; path = ContentView.swift; sourceTree = "<group>"; };
		028EF8C82F32EA950040152D /* Assets.xcassets */ = {isa = PBXFileReference; lastKnownFileType = folder.assetcatalog; path = Assets.xcassets; sourceTree = "<group>"; };
		028EF8CB2F32EA950040152D /* Preview Assets.xcassets */ = {isa = PBXFileReference; lastKnownFileType = folder.assetcatalog; path = "Preview Assets.xcassets"; sourceTree = "<group>"; };
		028EF8D82F32EBF80040152D /* MomentEntryView.swift */ = {isa = PBXFileReference; lastKnownFileType = sourcecode.swift; path = MomentEntryView.swift; sourceTree = "<group>"; };
		0293900F2F3428DD002E98F7 /* Moment.swift */ = {isa = PBXFileReference; lastKnownFileType = sourcecode.swift; path = Moment.swift; sourceTree = "<group>"; };
		029390112F342ED5002E98F7 /* DataContainer.swift */ = {isa = PBXFileReference; lastKnownFileType = sourcecode.swift; path = DataContainer.swift; sourceTree = "<group>"; };
/* End PBXFileReference section */

/* Begin PBXFrameworksBuildPhase section */
		028EF8BE2F32EA930040152D /* Frameworks */ = {
			isa = PBXFrameworksBuildPhase;
			buildActionMask = 2147483647;
			files = (
			);
			runOnlyForDeploymentPostprocessing = 0;
		};
/* End PBXFrameworksBuildPhase section */

/* Begin PBXGroup section */
		028EF8B82F32EA930040152D = {
			isa = PBXGroup;
			children = (
				028EF8C32F32EA930040152D /* GratefulMoments */,
				028EF8C22F32EA930040152D /* Products */,
			);
			sourceTree = "<group>";
		};
		028EF8C22F32EA930040152D /* Products */ = {
			isa = PBXGroup;
			children = (
				028EF8C12F32EA930040152D /* GratefulMoments.app */,
			);
			name = Products;
			sourceTree = "<group>";
		};
		028EF8C32F32EA930040152D /* GratefulMoments */ = {
			isa = PBXGroup;
			children = (
				028EF8D52F32EB710040152D /* Tabs */,
				028EF8D42F32EB500040152D /* Logic */,
				028EF8D32F32EB4D0040152D /* Models  */,
				028EF8D22F32EB300040152D /* Custom Views */,
				028EF8C42F32EA930040152D /* GratefulMomentsApp.swift */,
				028EF8C62F32EA930040152D /* ContentView.swift */,
				028EF8C82F32EA950040152D /* Assets.xcassets */,
				028EF8CA2F32EA950040152D /* Preview Content */,
			);
			path = GratefulMoments;
			sourceTree = "<group>";
		};
		028EF8CA2F32EA950040152D /* Preview Content */ = {
			isa = PBXGroup;
			children = (
				028EF8CB2F32EA950040152D /* Preview Assets.xcassets */,
			);
			path = "Preview Content";
			sourceTree = "<group>";
		};
		028EF8D22F32EB300040152D /* Custom Views */ = {
			isa = PBXGroup;
			children = (
			);
			path = "Custom Views";
			sourceTree = "<group>";
		};
		028EF8D32F32EB4D0040152D /* Models  */ = {
			isa = PBXGroup;
			children = (
				0293900F2F3428DD002E98F7 /* Moment.swift */,
			);
			path = "Models ";
			sourceTree = "<group>";
		};
		028EF8D42F32EB500040152D /* Logic */ = {
			isa = PBXGroup;
			children = (
				029390112F342ED5002E98F7 /* DataContainer.swift */,
			);
			path = Logic;
			sourceTree = "<group>";
		};
		028EF8D52F32EB710040152D /* Tabs */ = {
			isa = PBXGroup;
			children = (
				028EF8D62F32EB770040152D /* Moments */,
				028EF8D72F32EB7C0040152D /* Achievements */,
			);
			path = Tabs;
			sourceTree = "<group>";
		};
		028EF8D62F32EB770040152D /* Moments */ = {
			isa = PBXGroup;
			children = (
				028EF8D82F32EBF80040152D /* MomentEntryView.swift */,
			);
			path = Moments;
			sourceTree = "<group>";
		};
		028EF8D72F32EB7C0040152D /* Achievements */ = {
			isa = PBXGroup;
			children = (
			);
			path = Achievements;
			sourceTree = "<group>";
		};
/* End PBXGroup section */

/* Begin PBXNativeTarget section */
		028EF8C02F32EA930040152D /* GratefulMoments */ = {
			isa = PBXNativeTarget;
			buildConfigurationList = 028EF8CF2F32EA950040152D /* Build configuration list for PBXNativeTarget "GratefulMoments" */;
			buildPhases = (
				028EF8BD2F32EA930040152D /* Sources */,
				028EF8BE2F32EA930040152D /* Frameworks */,
				028EF8BF2F32EA930040152D /* Resources */,
			);
			buildRules = (
			);
			dependencies = (
			);
			name = GratefulMoments;
			productName = GratefulMoments;
			productReference = 028EF8C12F32EA930040152D /* GratefulMoments.app */;
			productType = "com.apple.product-type.application";
		};
/* End PBXNativeTarget section */

/* Begin PBXProject section */
		028EF8B92F32EA930040152D /* Project object */ = {
			isa = PBXProject;
			attributes = {
				BuildIndependentTargetsInParallel = 1;
				LastSwiftUpdateCheck = 1520;
				LastUpgradeCheck = 1520;
				TargetAttributes = {
					028EF8C02F32EA930040152D = {
						CreatedOnToolsVersion = 15.2;
					};
				};
			};
			buildConfigurationList = 028EF8BC2F32EA930040152D /* Build configuration list for PBXProject "GratefulMoments" */;
			compatibilityVersion = "Xcode 14.0";
			developmentRegion = en;
			hasScannedForEncodings = 0;
			knownRegions = (
				en,
				Base,
			);
			mainGroup = 028EF8B82F32EA930040152D;
			productRefGroup = 028EF8C22F32EA930040152D /* Products */;
			projectDirPath = "";
			projectRoot = "";
			targets = (
				028EF8C02F32EA930040152D /* GratefulMoments */,
			);
		};
/* End PBXProject section */

/* Begin PBXResourcesBuildPhase section */
		028EF8BF2F32EA930040152D /* Resources */ = {
			isa = PBXResourcesBuildPhase;
			buildActionMask = 2147483647;
			files = (
				028EF8CC2F32EA950040152D /* Preview Assets.xcassets in Resources */,
				028EF8C92F32EA950040152D /* Assets.xcassets in Resources */,
			);
			runOnlyForDeploymentPostprocessing = 0;
		};
/* End PBXResourcesBuildPhase section */

/* Begin PBXSourcesBuildPhase section */
		028EF8BD2F32EA930040152D /* Sources */ = {
			isa = PBXSourcesBuildPhase;
			buildActionMask = 2147483647;
			files = (
				029390122F342ED5002E98F7 /* DataContainer.swift in Sources */,
				028EF8D92F32EBF80040152D /* MomentEntryView.swift in Sources */,
				028EF8C72F32EA930040152D /* ContentView.swift in Sources */,
				028EF8C52F32EA930040152D /* GratefulMomentsApp.swift in Sources */,
				029390102F3428DD002E98F7 /* Moment.swift in Sources */,
			);
			runOnlyForDeploymentPostprocessing = 0;
		};
/* End PBXSourcesBuildPhase section */

/* Begin XCBuildConfiguration section */
		028EF8CD2F32EA950040152D /* Debug */ = {
			isa = XCBuildConfiguration;
			buildSettings = {
				ALWAYS_SEARCH_USER_PATHS = NO;
				ASSETCATALOG_COMPILER_GENERATE_SWIFT_ASSET_SYMBOL_EXTENSIONS = YES;
				CLANG_ANALYZER_NONNULL = YES;
				CLANG_ANALYZER_NUMBER_OBJECT_CONVERSION = YES_AGGRESSIVE;
				CLANG_CXX_LANGUAGE_STANDARD = "gnu++20";
				CLANG_ENABLE_MODULES = YES;
				CLANG_ENABLE_OBJC_ARC = YES;
				CLANG_ENABLE_OBJC_WEAK = YES;
				CLANG_WARN_BLOCK_CAPTURE_AUTORELEASING = YES;
				CLANG_WARN_BOOL_CONVERSION = YES;
				CLANG_WARN_COMMA = YES;
				CLANG_WARN_CONSTANT_CONVERSION = YES;
				CLANG_WARN_DEPRECATED_OBJC_IMPLEMENTATIONS = YES;
				CLANG_WARN_DIRECT_OBJC_ISA_USAGE = YES_ERROR;
				CLANG_WARN_DOCUMENTATION_COMMENTS = YES;
				CLANG_WARN_EMPTY_BODY = YES;
				CLANG_WARN_ENUM_CONVERSION = YES;
				CLANG_WARN_INFINITE_RECURSION = YES;
				CLANG_WARN_INT_CONVERSION = YES;
				CLANG_WARN_NON_LITERAL_NULL_CONVERSION = YES;
				CLANG_WARN_OBJC_IMPLICIT_RETAIN_SELF = YES;
				CLANG_WARN_OBJC_LITERAL_CONVERSION = YES;
				CLANG_WARN_OBJC_ROOT_CLASS = YES_ERROR;
				CLANG_WARN_QUOTED_INCLUDE_IN_FRAMEWORK_HEADER = YES;
				CLANG_WARN_RANGE_LOOP_ANALYSIS = YES;
				CLANG_WARN_STRICT_PROTOTYPES = YES;
				CLANG_WARN_SUSPICIOUS_MOVE = YES;
				CLANG_WARN_UNGUARDED_AVAILABILITY = YES_AGGRESSIVE;
				CLANG_WARN_UNREACHABLE_CODE = YES;
				CLANG_WARN__DUPLICATE_METHOD_MATCH = YES;
				COPY_PHASE_STRIP = NO;
				DEBUG_INFORMATION_FORMAT = dwarf;
				ENABLE_STRICT_OBJC_MSGSEND = YES;
				ENABLE_TESTABILITY = YES;
				ENABLE_USER_SCRIPT_SANDBOXING = YES;
				GCC_C_LANGUAGE_STANDARD = gnu17;
				GCC_DYNAMIC_NO_PIC = NO;
				GCC_NO_COMMON_BLOCKS = YES;
				GCC_OPTIMIZATION_LEVEL = 0;
				GCC_PREPROCESSOR_DEFINITIONS = (
					"DEBUG=1",
					"$(inherited)",
				);
				GCC_WARN_64_TO_32_BIT_CONVERSION = YES;
				GCC_WARN_ABOUT_RETURN_TYPE = YES_ERROR;
				GCC_WARN_UNDECLARED_SELECTOR = YES;
				GCC_WARN_UNINITIALIZED_AUTOS = YES_AGGRESSIVE;
				GCC_WARN_UNUSED_FUNCTION = YES;
				GCC_WARN_UNUSED_VARIABLE = YES;
				IPHONEOS_DEPLOYMENT_TARGET = 17.2;
				LOCALIZATION_PREFERS_STRING_CATALOGS = YES;
				MTL_ENABLE_DEBUG_INFO = INCLUDE_SOURCE;
				MTL_FAST_MATH = YES;
				ONLY_ACTIVE_ARCH = YES;
				SDKROOT = iphoneos;
				SWIFT_ACTIVE_COMPILATION_CONDITIONS = "DEBUG $(inherited)";
				SWIFT_OPTIMIZATION_LEVEL = "-Onone";
			};
			name = Debug;
		};
		028EF8CE2F32EA950040152D /* Release */ = {
			isa = XCBuildConfiguration;
			buildSettings = {
				ALWAYS_SEARCH_USER_PATHS = NO;
				ASSETCATALOG_COMPILER_GENERATE_SWIFT_ASSET_SYMBOL_EXTENSIONS = YES;
				CLANG_ANALYZER_NONNULL = YES;
				CLANG_ANALYZER_NUMBER_OBJECT_CONVERSION = YES_AGGRESSIVE;
				CLANG_CXX_LANGUAGE_STANDARD = "gnu++20";
				CLANG_ENABLE_MODULES = YES;
				CLANG_ENABLE_OBJC_ARC = YES;
				CLANG_ENABLE_OBJC_WEAK = YES;
				CLANG_WARN_BLOCK_CAPTURE_AUTORELEASING = YES;
				CLANG_WARN_BOOL_CONVERSION = YES;
				CLANG_WARN_COMMA = YES;
				CLANG_WARN_CONSTANT_CONVERSION = YES;
				CLANG_WARN_DEPRECATED_OBJC_IMPLEMENTATIONS = YES;
				CLANG_WARN_DIRECT_OBJC_ISA_USAGE = YES_ERROR;
				CLANG_WARN_DOCUMENTATION_COMMENTS = YES;
				CLANG_WARN_EMPTY_BODY = YES;
				CLANG_WARN_ENUM_CONVERSION = YES;
				CLANG_WARN_INFINITE_RECURSION = YES;
				CLANG_WARN_INT_CONVERSION = YES;
				CLANG_WARN_NON_LITERAL_NULL_CONVERSION = YES;
				CLANG_WARN_OBJC_IMPLICIT_RETAIN_SELF = YES;
				CLANG_WARN_OBJC_LITERAL_CONVERSION = YES;
				CLANG_WARN_OBJC_ROOT_CLASS = YES_ERROR;
				CLANG_WARN_QUOTED_INCLUDE_IN_FRAMEWORK_HEADER = YES;
				CLANG_WARN_RANGE_LOOP_ANALYSIS = YES;
				CLANG_WARN_STRICT_PROTOTYPES = YES;
				CLANG_WARN_SUSPICIOUS_MOVE = YES;
				CLANG_WARN_UNGUARDED_AVAILABILITY = YES_AGGRESSIVE;
				CLANG_WARN_UNREACHABLE_CODE = YES;
				CLANG_WARN__DUPLICATE_METHOD_MATCH = YES;
				COPY_PHASE_STRIP = NO;
				DEBUG_INFORMATION_FORMAT = "dwarf-with-dsym";
				ENABLE_NS_ASSERTIONS = NO;
				ENABLE_STRICT_OBJC_MSGSEND = YES;
				ENABLE_USER_SCRIPT_SANDBOXING = YES;
				GCC_C_LANGUAGE_STANDARD = gnu17;
				GCC_NO_COMMON_BLOCKS = YES;
				GCC_WARN_64_TO_32_BIT_CONVERSION = YES;
				GCC_WARN_ABOUT_RETURN_TYPE = YES_ERROR;
				GCC_WARN_UNDECLARED_SELECTOR = YES;
				GCC_WARN_UNINITIALIZED_AUTOS = YES_AGGRESSIVE;
				GCC_WARN_UNUSED_FUNCTION = YES;
				GCC_WARN_UNUSED_VARIABLE = YES;
				IPHONEOS_DEPLOYMENT_TARGET = 17.2;
				LOCALIZATION_PREFERS_STRING_CATALOGS = YES;
				MTL_ENABLE_DEBUG_INFO = NO;
				MTL_FAST_MATH = YES;
				SDKROOT = iphoneos;
				SWIFT_COMPILATION_MODE = wholemodule;
				VALIDATE_PRODUCT = YES;
			};
			name = Release;
		};
		028EF8D02F32EA950040152D /* Debug */ = {
			isa = XCBuildConfiguration;
			buildSettings = {
				ASSETCATALOG_COMPILER_APPICON_NAME = AppIcon;
				ASSETCATALOG_COMPILER_GLOBAL_ACCENT_COLOR_NAME = AccentColor;
				CODE_SIGN_STYLE = Automatic;
				CURRENT_PROJECT_VERSION = 1;
				DEVELOPMENT_ASSET_PATHS = "\"GratefulMoments/Preview Content\"";
				ENABLE_PREVIEWS = YES;
				GENERATE_INFOPLIST_FILE = YES;
				INFOPLIST_KEY_UIApplicationSceneManifest_Generation = YES;
				INFOPLIST_KEY_UIApplicationSupportsIndirectInputEvents = YES;
				INFOPLIST_KEY_UILaunchScreen_Generation = YES;
				INFOPLIST_KEY_UISupportedInterfaceOrientations_iPad = "UIInterfaceOrientationPortrait UIInterfaceOrientationPortraitUpsideDown UIInterfaceOrientationLandscapeLeft UIInterfaceOrientationLandscapeRight";
				INFOPLIST_KEY_UISupportedInterfaceOrientations_iPhone = "UIInterfaceOrientationPortrait UIInterfaceOrientationLandscapeLeft UIInterfaceOrientationLandscapeRight";
				LD_RUNPATH_SEARCH_PATHS = (
					"$(inherited)",
					"@executable_path/Frameworks",
				);
				MARKETING_VERSION = 1.0;
				PRODUCT_BUNDLE_IDENTIFIER = personal.GratefulMoments;
				PRODUCT_NAME = "$(TARGET_NAME)";
				SWIFT_EMIT_LOC_STRINGS = YES;
				SWIFT_VERSION = 5.0;
				TARGETED_DEVICE_FAMILY = "1,2";
			};
			name = Debug;
		};
		028EF8D12F32EA950040152D /* Release */ = {
			isa = XCBuildConfiguration;
			buildSettings = {
				ASSETCATALOG_COMPILER_APPICON_NAME = AppIcon;
				ASSETCATALOG_COMPILER_GLOBAL_ACCENT_COLOR_NAME = AccentColor;
				CODE_SIGN_STYLE = Automatic;
				CURRENT_PROJECT_VERSION = 1;
				DEVELOPMENT_ASSET_PATHS = "\"GratefulMoments/Preview Content\"";
				ENABLE_PREVIEWS = YES;
				GENERATE_INFOPLIST_FILE = YES;
				INFOPLIST_KEY_UIApplicationSceneManifest_Generation = YES;
				INFOPLIST_KEY_UIApplicationSupportsIndirectInputEvents = YES;
				INFOPLIST_KEY_UILaunchScreen_Generation = YES;
				INFOPLIST_KEY_UISupportedInterfaceOrientations_iPad = "UIInterfaceOrientationPortrait UIInterfaceOrientationPortraitUpsideDown UIInterfaceOrientationLandscapeLeft UIInterfaceOrientationLandscapeRight";
				INFOPLIST_KEY_UISupportedInterfaceOrientations_iPhone = "UIInterfaceOrientationPortrait UIInterfaceOrientationLandscapeLeft UIInterfaceOrientationLandscapeRight";
				LD_RUNPATH_SEARCH_PATHS = (
					"$(inherited)",
					"@executable_path/Frameworks",
				);
				MARKETING_VERSION = 1.0;
				PRODUCT_BUNDLE_IDENTIFIER = personal.GratefulMoments;
				PRODUCT_NAME = "$(TARGET_NAME)";
				SWIFT_EMIT_LOC_STRINGS = YES;
				SWIFT_VERSION = 5.0;
				TARGETED_DEVICE_FAMILY = "1,2";
			};
			name = Release;
		};
/* End XCBuildConfiguration section */

/* Begin XCConfigurationList section */
		028EF8BC2F32EA930040152D /* Build configuration list for PBXProject "GratefulMoments" */ = {
			isa = XCConfigurationList;
			buildConfigurations = (
				028EF8CD2F32EA950040152D /* Debug */,
				028EF8CE2F32EA950040152D /* Release */,
			);
			defaultConfigurationIsVisible = 0;
			defaultConfigurationName = Release;
		};
		028EF8CF2F32EA950040152D /* Build configuration list for PBXNativeTarget "GratefulMoments" */ = {
			isa = XCConfigurationList;
			buildConfigurations = (
				028EF8D02F32EA950040152D /* Debug */,
				028EF8D12F32EA950040152D /* Release */,
			);
			defaultConfigurationIsVisible = 0;
			defaultConfigurationName = Release;
		};
/* End XCConfigurationList section */
	};
	rootObject = 028EF8B92F32EA930040152D /* Project object */;
}
